
Microsoft Visual Studio Solution File, Format Version 12.00
# Visual Studio Version 16
VisualStudioVersion = 16.0.29403.142
MinimumVisualStudioVersion = 10.0.40219.1
Project("{2150E333-8FDC-42A3-9474-1A3956D46DE8}") = "ids", "ids", "{CBC6C457-4B0C-419D-9EC6-150007D7057B}"
EndProject
Project("{9A19103F-16F7-4668-BE54-9A1E7A4F7556}") = "IDS.API", "src\IDS.API\IDS.API.csproj", "{F86B2A99-5412-4516-AAC8-9E0299200001}"
EndProject
Project("{9A19103F-16F7-4668-BE54-9A1E7A4F7556}") = "IDS.Domain", "src\IDS.Domain\IDS.Domain.csproj", "{F99D1AB7-F413-4AB7-9A3E-DD1315CA0352}"
EndProject
Project("{2150E333-8FDC-42A3-9474-1A3956D46DE8}") = "lcb", "lcb", "{9E5A2CE6-C43C-40BA-A60E-35BF3EA9C8CE}"
EndProject
Project("{9A19103F-16F7-4668-BE54-9A1E7A4F7556}") = "LCB.API", "src\LCB.API\LCB.API.csproj", "{494060FE-0B22-41A0-9E10-F6D1A9B33FEB}"
EndProject
Project("{9A19103F-16F7-4668-BE54-9A1E7A4F7556}") = "LCB.Domain", "src\LCB.Domain\LCB.Domain.csproj", "{A449EB3C-9031-4C38-81ED-0983D05FC3A0}"
EndProject
Project("{FAE04EC0-301F-11D3-BF4B-00C04F79EFBC}") = "LCB.Infrastructure", "src\LCB.Infrastructure\LCB.Infrastructure.csproj", "{0287EEE4-3589-47B5-9734-2B99E2EBA8A2}"
EndProject
Global
	GlobalSection(SolutionConfigurationPlatforms) = preSolution
		Debug|Any CPU = Debug|Any CPU
		Release|Any CPU = Release|Any CPU
	EndGlobalSection
	GlobalSection(ProjectConfigurationPlatforms) = postSolution
		{F86B2A99-5412-4516-AAC8-9E0299200001}.Debug|Any CPU.ActiveCfg = Debug|Any CPU
		{F86B2A99-5412-4516-AAC8-9E0299200001}.Debug|Any CPU.Build.0 = Debug|Any CPU
		{F86B2A99-5412-4516-AAC8-9E0299200001}.Release|Any CPU.ActiveCfg = Release|Any CPU
		{F86B2A99-5412-4516-AAC8-9E0299200001}.Release|Any CPU.Build.0 = Release|Any CPU
		{F99D1AB7-F413-4AB7-9A3E-DD1315CA0352}.Debug|Any CPU.ActiveCfg = Debug|Any CPU
		{F99D1AB7-F413-4AB7-9A3E-DD1315CA0352}.Debug|Any CPU.Build.0 = Debug|Any CPU
		{F99D1AB7-F413-4AB7-9A3E-DD1315CA0352}.Release|Any CPU.ActiveCfg = Release|Any CPU
		{F99D1AB7-F413-4AB7-9A3E-DD1315CA0352}.Release|Any CPU.Build.0 = Release|Any CPU
		{494060FE-0B22-41A0-9E10-F6D1A9B33FEB}.Debug|Any CPU.ActiveCfg = Debug|Any CPU
		{494060FE-0B22-41A0-9E10-F6D1A9B33FEB}.Debug|Any CPU.Build.0 = Debug|Any CPU
		{494060FE-0B22-41A0-9E10-F6D1A9B33FEB}.Release|Any CPU.ActiveCfg = Release|Any CPU
		{494060FE-0B22-41A0-9E10-F6D1A9B33FEB}.Release|Any CPU.Build.0 = Release|Any CPU
		{A449EB3C-9031-4C38-81ED-0983D05FC3A0}.Debug|Any CPU.ActiveCfg = Debug|Any CPU
		{A449EB3C-9031-4C38-81ED-0983D05FC3A0}.Debug|Any CPU.Build.0 = Debug|Any CPU
		{A449EB3C-9031-4C38-81ED-0983D05FC3A0}.Release|Any CPU.ActiveCfg = Release|Any CPU
		{A449EB3C-9031-4C38-81ED-0983D05FC3A0}.Release|Any CPU.Build.0 = Release|Any CPU
		{0287EEE4-3589-47B5-9734-2B99E2EBA8A2}.Debug|Any CPU.ActiveCfg = Debug|Any CPU
		{0287EEE4-3589-47B5-9734-2B99E2EBA8A2}.Debug|Any CPU.Build.0 = Debug|Any CPU
		{0287EEE4-3589-47B5-9734-2B99E2EBA8A2}.Release|Any CPU.ActiveCfg = Release|Any CPU
		{0287EEE4-3589-47B5-9734-2B99E2EBA8A2}.Release|Any CPU.Build.0 = Release|Any CPU
	EndGlobalSection
	GlobalSection(SolutionProperties) = preSolution
		HideSolutionNode = FALSE
	EndGlobalSection
	GlobalSection(NestedProjects) = preSolution
		{F86B2A99-5412-4516-AAC8-9E0299200001} = {CBC6C457-4B0C-419D-9EC6-150007D7057B}
		{F99D1AB7-F413-4AB7-9A3E-DD1315CA0352} = {CBC6C457-4B0C-419D-9EC6-150007D7057B}
		{494060FE-0B22-41A0-9E10-F6D1A9B33FEB} = {9E5A2CE6-C43C-40BA-A60E-35BF3EA9C8CE}
		{A449EB3C-9031-4C38-81ED-0983D05FC3A0} = {9E5A2CE6-C43C-40BA-A60E-35BF3EA9C8CE}
		{0287EEE4-3589-47B5-9734-2B99E2EBA8A2} = {9E5A2CE6-C43C-40BA-A60E-35BF3EA9C8CE}
	EndGlobalSection
	GlobalSection(ExtensibilityGlobals) = postSolution
		SolutionGuid = {3C27667B-0048-4FFA-8B74-CAC5A5DE8AE1}
	EndGlobalSection
EndGlobal
